
Microsoft Visual Studio Solution File, Format Version 12.00
# Visual Studio Version 17
VisualStudioVersion = 17.13.35931.197 d17.13
MinimumVisualStudioVersion = 10.0.40219.1
Project("{FAE04EC0-301F-11D3-BF4B-00C04F79EFBC}") = "HrInternalTool.Api", "HrInternalTool.Api\HrInternalTool.Api.csproj", "{D8D4CB86-6AC2-42DF-A5C8-B06E83E7E292}"
EndProject
Project("{FAE04EC0-301F-11D3-BF4B-00C04F79EFBC}") = "HrInternalTool.Application", "HrInternalTool.Application\HrInternalTool.Application.csproj", "{AA44E4C0-39BE-4C97-B77D-B20804A74F09}"
EndProject
Project("{FAE04EC0-301F-11D3-BF4B-00C04F79EFBC}") = "HrInternalTool.Domain", "HrInternalTool.Domain\HrInternalTool.Domain.csproj", "{FDCBC6F6-EAF6-40D6-ADCD-817942BAEA4E}"
EndProject
Project("{FAE04EC0-301F-11D3-BF4B-00C04F79EFBC}") = "HrInternalTool.Infrastructure", "HrInternalTool.Infrastructure\HrInternalTool.Infrastructure.csproj", "{6C75FF2C-447E-4916-8E9D-93A086C58E53}"
EndProject
Project("{FAE04EC0-301F-11D3-BF4B-00C04F79EFBC}") = "HrInternalTool.UnitTest", "HrInternalTool.UnitTest\HrInternalTool.UnitTest.csproj", "{E69D39F5-8F66-4088-A2C0-95A451D800EB}"
EndProject
Global
	GlobalSection(SolutionConfigurationPlatforms) = preSolution
		Debug|Any CPU = Debug|Any CPU
		Release|Any CPU = Release|Any CPU
	EndGlobalSection
	GlobalSection(ProjectConfigurationPlatforms) = postSolution
		{D8D4CB86-6AC2-42DF-A5C8-B06E83E7E292}.Debug|Any CPU.ActiveCfg = Debug|Any CPU
		{D8D4CB86-6AC2-42DF-A5C8-B06E83E7E292}.Debug|Any CPU.Build.0 = Debug|Any CPU
		{D8D4CB86-6AC2-42DF-A5C8-B06E83E7E292}.Release|Any CPU.ActiveCfg = Release|Any CPU
		{D8D4CB86-6AC2-42DF-A5C8-B06E83E7E292}.Release|Any CPU.Build.0 = Release|Any CPU
		{AA44E4C0-39BE-4C97-B77D-B20804A74F09}.Debug|Any CPU.ActiveCfg = Debug|Any CPU
		{AA44E4C0-39BE-4C97-B77D-B20804A74F09}.Debug|Any CPU.Build.0 = Debug|Any CPU
		{AA44E4C0-39BE-4C97-B77D-B20804A74F09}.Release|Any CPU.ActiveCfg = Release|Any CPU
		{AA44E4C0-39BE-4C97-B77D-B20804A74F09}.Release|Any CPU.Build.0 = Release|Any CPU
		{FDCBC6F6-EAF6-40D6-ADCD-817942BAEA4E}.Debug|Any CPU.ActiveCfg = Debug|Any CPU
		{FDCBC6F6-EAF6-40D6-ADCD-817942BAEA4E}.Debug|Any CPU.Build.0 = Debug|Any CPU
		{FDCBC6F6-EAF6-40D6-ADCD-817942BAEA4E}.Release|Any CPU.ActiveCfg = Release|Any CPU
		{FDCBC6F6-EAF6-40D6-ADCD-817942BAEA4E}.Release|Any CPU.Build.0 = Release|Any CPU
		{6C75FF2C-447E-4916-8E9D-93A086C58E53}.Debug|Any CPU.ActiveCfg = Debug|Any CPU
		{6C75FF2C-447E-4916-8E9D-93A086C58E53}.Debug|Any CPU.Build.0 = Debug|Any CPU
		{6C75FF2C-447E-4916-8E9D-93A086C58E53}.Release|Any CPU.ActiveCfg = Release|Any CPU
		{6C75FF2C-447E-4916-8E9D-93A086C58E53}.Release|Any CPU.Build.0 = Release|Any CPU
		{E69D39F5-8F66-4088-A2C0-95A451D800EB}.Debug|Any CPU.ActiveCfg = Debug|Any CPU
		{E69D39F5-8F66-4088-A2C0-95A451D800EB}.Debug|Any CPU.Build.0 = Debug|Any CPU
		{E69D39F5-8F66-4088-A2C0-95A451D800EB}.Release|Any CPU.ActiveCfg = Release|Any CPU
		{E69D39F5-8F66-4088-A2C0-95A451D800EB}.Release|Any CPU.Build.0 = Release|Any CPU
	EndGlobalSection
	GlobalSection(SolutionProperties) = preSolution
		HideSolutionNode = FALSE
	EndGlobalSection
	GlobalSection(ExtensibilityGlobals) = postSolution
		SolutionGuid = {6D6037F7-0E72-45EA-BC20-7490BBA24DB8}
	EndGlobalSection
EndGlobal
